// !$*UTF8*$!
{
	archiveVersion = 1;
	classes = {
	};
	objectVersion = 55;
	objects = {

/* Begin PBXBuildFile section */
		04E4D4472755155B00B812E7 /* Tests_iOS.swift in Sources */ = {isa = PBXBuildFile; fileRef = 04E4D4462755155B00B812E7 /* Tests_iOS.swift */; };
		04E4D4492755155B00B812E7 /* Tests_iOSLaunchTests.swift in Sources */ = {isa = PBXBuildFile; fileRef = 04E4D4482755155B00B812E7 /* Tests_iOSLaunchTests.swift */; };
		04E4D4532755155B00B812E7 /* Tests_macOS.swift in Sources */ = {isa = PBXBuildFile; fileRef = 04E4D4522755155B00B812E7 /* Tests_macOS.swift */; };
		04E4D4552755155B00B812E7 /* Tests_macOSLaunchTests.swift in Sources */ = {isa = PBXBuildFile; fileRef = 04E4D4542755155B00B812E7 /* Tests_macOSLaunchTests.swift */; };
		04E4D4562755155B00B812E7 /* spongebobtestApp.swift in Sources */ = {isa = PBXBuildFile; fileRef = 04E4D42E2755155200B812E7 /* spongebobtestApp.swift */; };
		04E4D4572755155B00B812E7 /* spongebobtestApp.swift in Sources */ = {isa = PBXBuildFile; fileRef = 04E4D42E2755155200B812E7 /* spongebobtestApp.swift */; };
		04E4D4582755155B00B812E7 /* ContentView.swift in Sources */ = {isa = PBXBuildFile; fileRef = 04E4D42F2755155200B812E7 /* ContentView.swift */; };
		04E4D4592755155B00B812E7 /* ContentView.swift in Sources */ = {isa = PBXBuildFile; fileRef = 04E4D42F2755155200B812E7 /* ContentView.swift */; };
		04E4D45A2755155B00B812E7 /* Assets.xcassets in Resources */ = {isa = PBXBuildFile; fileRef = 04E4D4302755155B00B812E7 /* Assets.xcassets */; };
		04E4D45B2755155B00B812E7 /* Assets.xcassets in Resources */ = {isa = PBXBuildFile; fileRef = 04E4D4302755155B00B812E7 /* Assets.xcassets */; };
/* End PBXBuildFile section */

/* Begin PBXContainerItemProxy section */
		04E4D4432755155B00B812E7 /* PBXContainerItemProxy */ = {
			isa = PBXContainerItemProxy;
			containerPortal = 04E4D4292755155100B812E7 /* Project object */;
			proxyType = 1;
			remoteGlobalIDString = 04E4D4342755155B00B812E7;
			remoteInfo = "spongebobtest (iOS)";
		};
		04E4D44F2755155B00B812E7 /* PBXContainerItemProxy */ = {
			isa = PBXContainerItemProxy;
			containerPortal = 04E4D4292755155100B812E7 /* Project object */;
			proxyType = 1;
			remoteGlobalIDString = 04E4D43A2755155B00B812E7;
			remoteInfo = "spongebobtest (macOS)";
		};
/* End PBXContainerItemProxy section */

/* Begin PBXFileReference section */
		04E4D42E2755155200B812E7 /* spongebobtestApp.swift */ = {isa = PBXFileReference; lastKnownFileType = sourcecode.swift; path = spongebobtestApp.swift; sourceTree = "<group>"; };
		04E4D42F2755155200B812E7 /* ContentView.swift */ = {isa = PBXFileReference; lastKnownFileType = sourcecode.swift; path = ContentView.swift; sourceTree = "<group>"; };
		04E4D4302755155B00B812E7 /* Assets.xcassets */ = {isa = PBXFileReference; lastKnownFileType = folder.assetcatalog; path = Assets.xcassets; sourceTree = "<group>"; };
		04E4D4352755155B00B812E7 /* spongebobtest.app */ = {isa = PBXFileReference; explicitFileType = wrapper.application; includeInIndex = 0; path = spongebobtest.app; sourceTree = BUILT_PRODUCTS_DIR; };
		04E4D43B2755155B00B812E7 /* spongebobtest.app */ = {isa = PBXFileReference; explicitFileType = wrapper.application; includeInIndex = 0; path = spongebobtest.app; sourceTree = BUILT_PRODUCTS_DIR; };
		04E4D43D2755155B00B812E7 /* macOS.entitlements */ = {isa = PBXFileReference; lastKnownFileType = text.plist.entitlements; path = macOS.entitlements; sourceTree = "<group>"; };
		04E4D4422755155B00B812E7 /* Tests iOS.xctest */ = {isa = PBXFileReference; explicitFileType = wrapper.cfbundle; includeInIndex = 0; path = "Tests iOS.xctest"; sourceTree = BUILT_PRODUCTS_DIR; };
		04E4D4462755155B00B812E7 /* Tests_iOS.swift */ = {isa = PBXFileReference; lastKnownFileType = sourcecode.swift; path = Tests_iOS.swift; sourceTree = "<group>"; };
		04E4D4482755155B00B812E7 /* Tests_iOSLaunchTests.swift */ = {isa = PBXFileReference; lastKnownFileType = sourcecode.swift; path = Tests_iOSLaunchTests.swift; sourceTree = "<group>"; };
		04E4D44E2755155B00B812E7 /* Tests macOS.xctest */ = {isa = PBXFileReference; explicitFileType = wrapper.cfbundle; includeInIndex = 0; path = "Tests macOS.xctest"; sourceTree = BUILT_PRODUCTS_DIR; };
		04E4D4522755155B00B812E7 /* Tests_macOS.swift */ = {isa = PBXFileReference; lastKnownFileType = sourcecode.swift; path = Tests_macOS.swift; sourceTree = "<group>"; };
		04E4D4542755155B00B812E7 /* Tests_macOSLaunchTests.swift */ = {isa = PBXFileReference; lastKnownFileType = sourcecode.swift; path = Tests_macOSLaunchTests.swift; sourceTree = "<group>"; };
/* End PBXFileReference section */

/* Begin PBXFrameworksBuildPhase section */
		04E4D4322755155B00B812E7 /* Frameworks */ = {
			isa = PBXFrameworksBuildPhase;
			buildActionMask = 2147483647;
			files = (
			);
			runOnlyForDeploymentPostprocessing = 0;
		};
		04E4D4382755155B00B812E7 /* Frameworks */ = {
			isa = PBXFrameworksBuildPhase;
			buildActionMask = 2147483647;
			files = (
			);
			runOnlyForDeploymentPostprocessing = 0;
		};
		04E4D43F2755155B00B812E7 /* Frameworks */ = {
			isa = PBXFrameworksBuildPhase;
			buildActionMask = 2147483647;
			files = (
			);
			runOnlyForDeploymentPostprocessing = 0;
		};
		04E4D44B2755155B00B812E7 /* Frameworks */ = {
			isa = PBXFrameworksBuildPhase;
			buildActionMask = 2147483647;
			files = (
			);
			runOnlyForDeploymentPostprocessing = 0;
		};
/* End PBXFrameworksBuildPhase section */

/* Begin PBXGroup section */
		04E4D4282755155100B812E7 = {
			isa = PBXGroup;
			children = (
				04E4D42D2755155200B812E7 /* Shared */,
				04E4D43C2755155B00B812E7 /* macOS */,
				04E4D4452755155B00B812E7 /* Tests iOS */,
				04E4D4512755155B00B812E7 /* Tests macOS */,
				04E4D4362755155B00B812E7 /* Products */,
			);
			sourceTree = "<group>";
		};
		04E4D42D2755155200B812E7 /* Shared */ = {
			isa = PBXGroup;
			children = (
				04E4D42E2755155200B812E7 /* spongebobtestApp.swift */,
				04E4D42F2755155200B812E7 /* ContentView.swift */,
				04E4D4302755155B00B812E7 /* Assets.xcassets */,
			);
			path = Shared;
			sourceTree = "<group>";
		};
		04E4D4362755155B00B812E7 /* Products */ = {
			isa = PBXGroup;
			children = (
				04E4D4352755155B00B812E7 /* spongebobtest.app */,
				04E4D43B2755155B00B812E7 /* spongebobtest.app */,
				04E4D4422755155B00B812E7 /* Tests iOS.xctest */,
				04E4D44E2755155B00B812E7 /* Tests macOS.xctest */,
			);
			name = Products;
			sourceTree = "<group>";
		};
		04E4D43C2755155B00B812E7 /* macOS */ = {
			isa = PBXGroup;
			children = (
				04E4D43D2755155B00B812E7 /* macOS.entitlements */,
			);
			path = macOS;
			sourceTree = "<group>";
		};
		04E4D4452755155B00B812E7 /* Tests iOS */ = {
			isa = PBXGroup;
			children = (
				04E4D4462755155B00B812E7 /* Tests_iOS.swift */,
				04E4D4482755155B00B812E7 /* Tests_iOSLaunchTests.swift */,
			);
			path = "Tests iOS";
			sourceTree = "<group>";
		};
		04E4D4512755155B00B812E7 /* Tests macOS */ = {
			isa = PBXGroup;
			children = (
				04E4D4522755155B00B812E7 /* Tests_macOS.swift */,
				04E4D4542755155B00B812E7 /* Tests_macOSLaunchTests.swift */,
			);
			path = "Tests macOS";
			sourceTree = "<group>";
		};
/* End PBXGroup section */

/* Begin PBXNativeTarget section */
		04E4D4342755155B00B812E7 /* spongebobtest (iOS) */ = {
			isa = PBXNativeTarget;
			buildConfigurationList = 04E4D45E2755155B00B812E7 /* Build configuration list for PBXNativeTarget "spongebobtest (iOS)" */;
			buildPhases = (
				04E4D4312755155B00B812E7 /* Sources */,
				04E4D4322755155B00B812E7 /* Frameworks */,
				04E4D4332755155B00B812E7 /* Resources */,
			);
			buildRules = (
			);
			dependencies = (
			);
			name = "spongebobtest (iOS)";
			productName = "spongebobtest (iOS)";
			productReference = 04E4D4352755155B00B812E7 /* spongebobtest.app */;
			productType = "com.apple.product-type.application";
		};
		04E4D43A2755155B00B812E7 /* spongebobtest (macOS) */ = {
			isa = PBXNativeTarget;
			buildConfigurationList = 04E4D4612755155B00B812E7 /* Build configuration list for PBXNativeTarget "spongebobtest (macOS)" */;
			buildPhases = (
				04E4D4372755155B00B812E7 /* Sources */,
				04E4D4382755155B00B812E7 /* Frameworks */,
				04E4D4392755155B00B812E7 /* Resources */,
			);
			buildRules = (
			);
			dependencies = (
			);
			name = "spongebobtest (macOS)";
			productName = "spongebobtest (macOS)";
			productReference = 04E4D43B2755155B00B812E7 /* spongebobtest.app */;
			productType = "com.apple.product-type.application";
		};
		04E4D4412755155B00B812E7 /* Tests iOS */ = {
			isa = PBXNativeTarget;
			buildConfigurationList = 04E4D4642755155B00B812E7 /* Build configuration list for PBXNativeTarget "Tests iOS" */;
			buildPhases = (
				04E4D43E2755155B00B812E7 /* Sources */,
				04E4D43F2755155B00B812E7 /* Frameworks */,
				04E4D4402755155B00B812E7 /* Resources */,
			);
			buildRules = (
			);
			dependencies = (
				04E4D4442755155B00B812E7 /* PBXTargetDependency */,
			);
			name = "Tests iOS";
			productName = "Tests iOS";
			productReference = 04E4D4422755155B00B812E7 /* Tests iOS.xctest */;
			productType = "com.apple.product-type.bundle.ui-testing";
		};
		04E4D44D2755155B00B812E7 /* Tests macOS */ = {
			isa = PBXNativeTarget;
			buildConfigurationList = 04E4D4672755155B00B812E7 /* Build configuration list for PBXNativeTarget "Tests macOS" */;
			buildPhases = (
				04E4D44A2755155B00B812E7 /* Sources */,
				04E4D44B2755155B00B812E7 /* Frameworks */,
				04E4D44C2755155B00B812E7 /* Resources */,
			);
			buildRules = (
			);
			dependencies = (
				04E4D4502755155B00B812E7 /* PBXTargetDependency */,
			);
			name = "Tests macOS";
			productName = "Tests macOS";
			productReference = 04E4D44E2755155B00B812E7 /* Tests macOS.xctest */;
			productType = "com.apple.product-type.bundle.ui-testing";
		};
/* End PBXNativeTarget section */

/* Begin PBXProject section */
		04E4D4292755155100B812E7 /* Project object */ = {
			isa = PBXProject;
			attributes = {
				BuildIndependentTargetsInParallel = 1;
				LastSwiftUpdateCheck = 1300;
				LastUpgradeCheck = 1300;
				TargetAttributes = {
					04E4D4342755155B00B812E7 = {
						CreatedOnToolsVersion = 13.0;
					};
					04E4D43A2755155B00B812E7 = {
						CreatedOnToolsVersion = 13.0;
					};
					04E4D4412755155B00B812E7 = {
						CreatedOnToolsVersion = 13.0;
						TestTargetID = 04E4D4342755155B00B812E7;
					};
					04E4D44D2755155B00B812E7 = {
						CreatedOnToolsVersion = 13.0;
						TestTargetID = 04E4D43A2755155B00B812E7;
					};
				};
			};
			buildConfigurationList = 04E4D42C2755155100B812E7 /* Build configuration list for PBXProject "spongebobtest" */;
			compatibilityVersion = "Xcode 13.0";
			developmentRegion = en;
			hasScannedForEncodings = 0;
			knownRegions = (
				en,
				Base,
			);
			mainGroup = 04E4D4282755155100B812E7;
			productRefGroup = 04E4D4362755155B00B812E7 /* Products */;
			projectDirPath = "";
			projectRoot = "";
			targets = (
				04E4D4342755155B00B812E7 /* spongebobtest (iOS) */,
				04E4D43A2755155B00B812E7 /* spongebobtest (macOS) */,
				04E4D4412755155B00B812E7 /* Tests iOS */,
				04E4D44D2755155B00B812E7 /* Tests macOS */,
			);
		};
/* End PBXProject section */

/* Begin PBXResourcesBuildPhase section */
		04E4D4332755155B00B812E7 /* Resources */ = {
			isa = PBXResourcesBuildPhase;
			buildActionMask = 2147483647;
			files = (
				04E4D45A2755155B00B812E7 /* Assets.xcassets in Resources */,
			);
			runOnlyForDeploymentPostprocessing = 0;
		};
		04E4D4392755155B00B812E7 /* Resources */ = {
			isa = PBXResourcesBuildPhase;
			buildActionMask = 2147483647;
			files = (
				04E4D45B2755155B00B812E7 /* Assets.xcassets in Resources */,
			);
			runOnlyForDeploymentPostprocessing = 0;
		};
		04E4D4402755155B00B812E7 /* Resources */ = {
			isa = PBXResourcesBuildPhase;
			buildActionMask = 2147483647;
			files = (
			);
			runOnlyForDeploymentPostprocessing = 0;
		};
		04E4D44C2755155B00B812E7 /* Resources */ = {
			isa = PBXResourcesBuildPhase;
			buildActionMask = 2147483647;
			files = (
			);
			runOnlyForDeploymentPostprocessing = 0;
		};
/* End PBXResourcesBuildPhase section */

/* Begin PBXSourcesBuildPhase section */
		04E4D4312755155B00B812E7 /* Sources */ = {
			isa = PBXSourcesBuildPhase;
			buildActionMask = 2147483647;
			files = (
				04E4D4582755155B00B812E7 /* ContentView.swift in Sources */,
				04E4D4562755155B00B812E7 /* spongebobtestApp.swift in Sources */,
			);
			runOnlyForDeploymentPostprocessing = 0;
		};
		04E4D4372755155B00B812E7 /* Sources */ = {
			isa = PBXSourcesBuildPhase;
			buildActionMask = 2147483647;
			files = (
				04E4D4592755155B00B812E7 /* ContentView.swift in Sources */,
				04E4D4572755155B00B812E7 /* spongebobtestApp.swift in Sources */,
			);
			runOnlyForDeploymentPostprocessing = 0;
		};
		04E4D43E2755155B00B812E7 /* Sources */ = {
			isa = PBXSourcesBuildPhase;
			buildActionMask = 2147483647;
			files = (
				04E4D4492755155B00B812E7 /* Tests_iOSLaunchTests.swift in Sources */,
				04E4D4472755155B00B812E7 /* Tests_iOS.swift in Sources */,
			);
			runOnlyForDeploymentPostprocessing = 0;
		};
		04E4D44A2755155B00B812E7 /* Sources */ = {
			isa = PBXSourcesBuildPhase;
			buildActionMask = 2147483647;
			files = (
				04E4D4552755155B00B812E7 /* Tests_macOSLaunchTests.swift in Sources */,
				04E4D4532755155B00B812E7 /* Tests_macOS.swift in Sources */,
			);
			runOnlyForDeploymentPostprocessing = 0;
		};
/* End PBXSourcesBuildPhase section */

/* Begin PBXTargetDependency section */
		04E4D4442755155B00B812E7 /* PBXTargetDependency */ = {
			isa = PBXTargetDependency;
			target = 04E4D4342755155B00B812E7 /* spongebobtest (iOS) */;
			targetProxy = 04E4D4432755155B00B812E7 /* PBXContainerItemProxy */;
		};
		04E4D4502755155B00B812E7 /* PBXTargetDependency */ = {
			isa = PBXTargetDependency;
			target = 04E4D43A2755155B00B812E7 /* spongebobtest (macOS) */;
			targetProxy = 04E4D44F2755155B00B812E7 /* PBXContainerItemProxy */;
		};
/* End PBXTargetDependency section */

/* Begin XCBuildConfiguration section */
		04E4D45C2755155B00B812E7 /* Debug */ = {
			isa = XCBuildConfiguration;
			buildSettings = {
				ALWAYS_SEARCH_USER_PATHS = NO;
				CLANG_ANALYZER_NONNULL = YES;
				CLANG_ANALYZER_NUMBER_OBJECT_CONVERSION = YES_AGGRESSIVE;
				CLANG_CXX_LANGUAGE_STANDARD = "gnu++17";
				CLANG_CXX_LIBRARY = "libc++";
				CLANG_ENABLE_MODULES = YES;
				CLANG_ENABLE_OBJC_ARC = YES;
				CLANG_ENABLE_OBJC_WEAK = YES;
				CLANG_WARN_BLOCK_CAPTURE_AUTORELEASING = YES;
				CLANG_WARN_BOOL_CONVERSION = YES;
				CLANG_WARN_COMMA = YES;
				CLANG_WARN_CONSTANT_CONVERSION = YES;
				CLANG_WARN_DEPRECATED_OBJC_IMPLEMENTATIONS = YES;
				CLANG_WARN_DIRECT_OBJC_ISA_USAGE = YES_ERROR;
				CLANG_WARN_DOCUMENTATION_COMMENTS = YES;
				CLANG_WARN_EMPTY_BODY = YES;
				CLANG_WARN_ENUM_CONVERSION = YES;
				CLANG_WARN_INFINITE_RECURSION = YES;
				CLANG_WARN_INT_CONVERSION = YES;
				CLANG_WARN_NON_LITERAL_NULL_CONVERSION = YES;
				CLANG_WARN_OBJC_IMPLICIT_RETAIN_SELF = YES;
				CLANG_WARN_OBJC_LITERAL_CONVERSION = YES;
				CLANG_WARN_OBJC_ROOT_CLASS = YES_ERROR;
				CLANG_WARN_QUOTED_INCLUDE_IN_FRAMEWORK_HEADER = YES;
				CLANG_WARN_RANGE_LOOP_ANALYSIS = YES;
				CLANG_WARN_STRICT_PROTOTYPES = YES;
				CLANG_WARN_SUSPICIOUS_MOVE = YES;
				CLANG_WARN_UNGUARDED_AVAILABILITY = YES_AGGRESSIVE;
				CLANG_WARN_UNREACHABLE_CODE = YES;
				CLANG_WARN__DUPLICATE_METHOD_MATCH = YES;
				COPY_PHASE_STRIP = NO;
				DEBUG_INFORMATION_FORMAT = dwarf;
				ENABLE_STRICT_OBJC_MSGSEND = YES;
				ENABLE_TESTABILITY = YES;
				GCC_C_LANGUAGE_STANDARD = gnu11;
				GCC_DYNAMIC_NO_PIC = NO;
				GCC_NO_COMMON_BLOCKS = YES;
				GCC_OPTIMIZATION_LEVEL = 0;
				GCC_PREPROCESSOR_DEFINITIONS = (
					"DEBUG=1",
					"$(inherited)",
				);
				GCC_WARN_64_TO_32_BIT_CONVERSION = YES;
				GCC_WARN_ABOUT_RETURN_TYPE = YES_ERROR;
				GCC_WARN_UNDECLARED_SELECTOR = YES;
				GCC_WARN_UNINITIALIZED_AUTOS = YES_AGGRESSIVE;
				GCC_WARN_UNUSED_FUNCTION = YES;
				GCC_WARN_UNUSED_VARIABLE = YES;
				MTL_ENABLE_DEBUG_INFO = INCLUDE_SOURCE;
				MTL_FAST_MATH = YES;
				ONLY_ACTIVE_ARCH = YES;
				SWIFT_ACTIVE_COMPILATION_CONDITIONS = DEBUG;
				SWIFT_OPTIMIZATION_LEVEL = "-Onone";
			};
			name = Debug;
		};
		04E4D45D2755155B00B812E7 /* Release */ = {
			isa = XCBuildConfiguration;
			buildSettings = {
				ALWAYS_SEARCH_USER_PATHS = NO;
				CLANG_ANALYZER_NONNULL = YES;
				CLANG_ANALYZER_NUMBER_OBJECT_CONVERSION = YES_AGGRESSIVE;
				CLANG_CXX_LANGUAGE_STANDARD = "gnu++17";
				CLANG_CXX_LIBRARY = "libc++";
				CLANG_ENABLE_MODULES = YES;
				CLANG_ENABLE_OBJC_ARC = YES;
				CLANG_ENABLE_OBJC_WEAK = YES;
				CLANG_WARN_BLOCK_CAPTURE_AUTORELEASING = YES;
				CLANG_WARN_BOOL_CONVERSION = YES;
				CLANG_WARN_COMMA = YES;
				CLANG_WARN_CONSTANT_CONVERSION = YES;
				CLANG_WARN_DEPRECATED_OBJC_IMPLEMENTATIONS = YES;
				CLANG_WARN_DIRECT_OBJC_ISA_USAGE = YES_ERROR;
				CLANG_WARN_DOCUMENTATION_COMMENTS = YES;
				CLANG_WARN_EMPTY_BODY = YES;
				CLANG_WARN_ENUM_CONVERSION = YES;
				CLANG_WARN_INFINITE_RECURSION = YES;
				CLANG_WARN_INT_CONVERSION = YES;
				CLANG_WARN_NON_LITERAL_NULL_CONVERSION = YES;
				CLANG_WARN_OBJC_IMPLICIT_RETAIN_SELF = YES;
				CLANG_WARN_OBJC_LITERAL_CONVERSION = YES;
				CLANG_WARN_OBJC_ROOT_CLASS = YES_ERROR;
				CLANG_WARN_QUOTED_INCLUDE_IN_FRAMEWORK_HEADER = YES;
				CLANG_WARN_RANGE_LOOP_ANALYSIS = YES;
				CLANG_WARN_STRICT_PROTOTYPES = YES;
				CLANG_WARN_SUSPICIOUS_MOVE = YES;
				CLANG_WARN_UNGUARDED_AVAILABILITY = YES_AGGRESSIVE;
				CLANG_WARN_UNREACHABLE_CODE = YES;
				CLANG_WARN__DUPLICATE_METHOD_MATCH = YES;
				COPY_PHASE_STRIP = NO;
				DEBUG_INFORMATION_FORMAT = "dwarf-with-dsym";
				ENABLE_NS_ASSERTIONS = NO;
				ENABLE_STRICT_OBJC_MSGSEND = YES;
				GCC_C_LANGUAGE_STANDARD = gnu11;
				GCC_NO_COMMON_BLOCKS = YES;
				GCC_WARN_64_TO_32_BIT_CONVERSION = YES;
				GCC_WARN_ABOUT_RETURN_TYPE = YES_ERROR;
				GCC_WARN_UNDECLARED_SELECTOR = YES;
				GCC_WARN_UNINITIALIZED_AUTOS = YES_AGGRESSIVE;
				GCC_WARN_UNUSED_FUNCTION = YES;
				GCC_WARN_UNUSED_VARIABLE = YES;
				MTL_ENABLE_DEBUG_INFO = NO;
				MTL_FAST_MATH = YES;
				SWIFT_COMPILATION_MODE = wholemodule;
				SWIFT_OPTIMIZATION_LEVEL = "-O";
			};
			name = Release;
		};
		04E4D45F2755155B00B812E7 /* Debug */ = {
			isa = XCBuildConfiguration;
			buildSettings = {
				ASSETCATALOG_COMPILER_APPICON_NAME = AppIcon;
				ASSETCATALOG_COMPILER_GLOBAL_ACCENT_COLOR_NAME = AccentColor;
				CODE_SIGN_STYLE = Automatic;
				CURRENT_PROJECT_VERSION = 1;
				ENABLE_PREVIEWS = YES;
				GENERATE_INFOPLIST_FILE = YES;
				INFOPLIST_KEY_UIApplicationSceneManifest_Generation = YES;
				INFOPLIST_KEY_UIApplicationSupportsIndirectInputEvents = YES;
				INFOPLIST_KEY_UILaunchScreen_Generation = YES;
				INFOPLIST_KEY_UISupportedInterfaceOrientations_iPad = "UIInterfaceOrientationPortrait UIInterfaceOrientationPortraitUpsideDown UIInterfaceOrientationLandscapeLeft UIInterfaceOrientationLandscapeRight";
				INFOPLIST_KEY_UISupportedInterfaceOrientations_iPhone = "UIInterfaceOrientationPortrait UIInterfaceOrientationLandscapeLeft UIInterfaceOrientationLandscapeRight";
				IPHONEOS_DEPLOYMENT_TARGET = 14.0;
				LD_RUNPATH_SEARCH_PATHS = (
					"$(inherited)",
					"@executable_path/Frameworks",
				);
				MARKETING_VERSION = 1.0;
				PRODUCT_BUNDLE_IDENTIFIER = hw.spongebobtest;
				PRODUCT_NAME = spongebobtest;
				SDKROOT = iphoneos;
				SWIFT_EMIT_LOC_STRINGS = YES;
				SWIFT_VERSION = 5.0;
				TARGETED_DEVICE_FAMILY = "1,2";
			};
			name = Debug;
		};
		04E4D4602755155B00B812E7 /* Release */ = {
			isa = XCBuildConfiguration;
			buildSettings = {
				ASSETCATALOG_COMPILER_APPICON_NAME = AppIcon;
				ASSETCATALOG_COMPILER_GLOBAL_ACCENT_COLOR_NAME = AccentColor;
				CODE_SIGN_STYLE = Automatic;
				CURRENT_PROJECT_VERSION = 1;
				ENABLE_PREVIEWS = YES;
				GENERATE_INFOPLIST_FILE = YES;
				INFOPLIST_KEY_UIApplicationSceneManifest_Generation = YES;
				INFOPLIST_KEY_UIApplicationSupportsIndirectInputEvents = YES;
				INFOPLIST_KEY_UILaunchScreen_Generation = YES;
				INFOPLIST_KEY_UISupportedInterfaceOrientations_iPad = "UIInterfaceOrientationPortrait UIInterfaceOrientationPortraitUpsideDown UIInterfaceOrientationLandscapeLeft UIInterfaceOrientationLandscapeRight";
				INFOPLIST_KEY_UISupportedInterfaceOrientations_iPhone = "UIInterfaceOrientationPortrait UIInterfaceOrientationLandscapeLeft UIInterfaceOrientationLandscapeRight";
				IPHONEOS_DEPLOYMENT_TARGET = 14.0;
				LD_RUNPATH_SEARCH_PATHS = (
					"$(inherited)",
					"@executable_path/Frameworks",
				);
				MARKETING_VERSION = 1.0;
				PRODUCT_BUNDLE_IDENTIFIER = hw.spongebobtest;
				PRODUCT_NAME = spongebobtest;
				SDKROOT = iphoneos;
				SWIFT_EMIT_LOC_STRINGS = YES;
				SWIFT_VERSION = 5.0;
				TARGETED_DEVICE_FAMILY = "1,2";
				VALIDATE_PRODUCT = YES;
			};
			name = Release;
		};
		04E4D4622755155B00B812E7 /* Debug */ = {
			isa = XCBuildConfiguration;
			buildSettings = {
				ASSETCATALOG_COMPILER_APPICON_NAME = AppIcon;
				ASSETCATALOG_COMPILER_GLOBAL_ACCENT_COLOR_NAME = AccentColor;
				CODE_SIGN_ENTITLEMENTS = macOS/macOS.entitlements;
				CODE_SIGN_STYLE = Automatic;
				COMBINE_HIDPI_IMAGES = YES;
				CURRENT_PROJECT_VERSION = 1;
				ENABLE_PREVIEWS = YES;
				GENERATE_INFOPLIST_FILE = YES;
				INFOPLIST_KEY_NSHumanReadableCopyright = "";
				LD_RUNPATH_SEARCH_PATHS = (
					"$(inherited)",
					"@executable_path/../Frameworks",
				);
				MACOSX_DEPLOYMENT_TARGET = 11.0;
				MARKETING_VERSION = 1.0;
				PRODUCT_BUNDLE_IDENTIFIER = hw.spongebobtest;
				PRODUCT_NAME = spongebobtest;
				SDKROOT = macosx;
				SWIFT_EMIT_LOC_STRINGS = YES;
				SWIFT_VERSION = 5.0;
			};
			name = Debug;
		};
		04E4D4632755155B00B812E7 /* Release */ = {
			isa = XCBuildConfiguration;
			buildSettings = {
				ASSETCATALOG_COMPILER_APPICON_NAME = AppIcon;
				ASSETCATALOG_COMPILER_GLOBAL_ACCENT_COLOR_NAME = AccentColor;
				CODE_SIGN_ENTITLEMENTS = macOS/macOS.entitlements;
				CODE_SIGN_STYLE = Automatic;
				COMBINE_HIDPI_IMAGES = YES;
				CURRENT_PROJECT_VERSION = 1;
				ENABLE_PREVIEWS = YES;
				GENERATE_INFOPLIST_FILE = YES;
				INFOPLIST_KEY_NSHumanReadableCopyright = "";
				LD_RUNPATH_SEARCH_PATHS = (
					"$(inherited)",
					"@executable_path/../Frameworks",
				);
				MACOSX_DEPLOYMENT_TARGET = 11.0;
				MARKETING_VERSION = 1.0;
				PRODUCT_BUNDLE_IDENTIFIER = hw.spongebobtest;
				PRODUCT_NAME = spongebobtest;
				SDKROOT = macosx;
				SWIFT_EMIT_LOC_STRINGS = YES;
				SWIFT_VERSION = 5.0;
			};
			name = Release;
		};
		04E4D4652755155B00B812E7 /* Debug */ = {
			isa = XCBuildConfiguration;
			buildSettings = {
				ALWAYS_EMBED_SWIFT_STANDARD_LIBRARIES = YES;
				CODE_SIGN_STYLE = Automatic;
				CURRENT_PROJECT_VERSION = 1;
				GENERATE_INFOPLIST_FILE = YES;
				IPHONEOS_DEPLOYMENT_TARGET = 15.0;
				LD_RUNPATH_SEARCH_PATHS = (
					"$(inherited)",
					"@executable_path/Frameworks",
					"@loader_path/Frameworks",
				);
				MARKETING_VERSION = 1.0;
				PRODUCT_BUNDLE_IDENTIFIER = "hw.Tests-iOS";
				PRODUCT_NAME = "$(TARGET_NAME)";
				SDKROOT = iphoneos;
				SWIFT_EMIT_LOC_STRINGS = NO;
				SWIFT_VERSION = 5.0;
				TARGETED_DEVICE_FAMILY = "1,2";
				TEST_TARGET_NAME = "spongebobtest (iOS)";
			};
			name = Debug;
		};
		04E4D4662755155B00B812E7 /* Release */ = {
			isa = XCBuildConfiguration;
			buildSettings = {
				ALWAYS_EMBED_SWIFT_STANDARD_LIBRARIES = YES;
				CODE_SIGN_STYLE = Automatic;
				CURRENT_PROJECT_VERSION = 1;
				GENERATE_INFOPLIST_FILE = YES;
				IPHONEOS_DEPLOYMENT_TARGET = 15.0;
				LD_RUNPATH_SEARCH_PATHS = (
					"$(inherited)",
					"@executable_path/Frameworks",
					"@loader_path/Frameworks",
				);
				MARKETING_VERSION = 1.0;
				PRODUCT_BUNDLE_IDENTIFIER = "hw.Tests-iOS";
				PRODUCT_NAME = "$(TARGET_NAME)";
				SDKROOT = iphoneos;
				SWIFT_EMIT_LOC_STRINGS = NO;
				SWIFT_VERSION = 5.0;
				TARGETED_DEVICE_FAMILY = "1,2";
				TEST_TARGET_NAME = "spongebobtest (iOS)";
				VALIDATE_PRODUCT = YES;
			};
			name = Release;
		};
		04E4D4682755155B00B812E7 /* Debug */ = {
			isa = XCBuildConfiguration;
			buildSettings = {
				ALWAYS_EMBED_SWIFT_STANDARD_LIBRARIES = YES;
				CODE_SIGN_STYLE = Automatic;
				COMBINE_HIDPI_IMAGES = YES;
				CURRENT_PROJECT_VERSION = 1;
				GENERATE_INFOPLIST_FILE = YES;
				LD_RUNPATH_SEARCH_PATHS = (
					"$(inherited)",
					"@executable_path/../Frameworks",
					"@loader_path/../Frameworks",
				);
				MACOSX_DEPLOYMENT_TARGET = 11.3;
				MARKETING_VERSION = 1.0;
				PRODUCT_BUNDLE_IDENTIFIER = "hw.Tests-macOS";
				PRODUCT_NAME = "$(TARGET_NAME)";
				SDKROOT = macosx;
				SWIFT_EMIT_LOC_STRINGS = NO;
				SWIFT_VERSION = 5.0;
				TEST_TARGET_NAME = "spongebobtest (macOS)";
			};
			name = Debug;
		};
		04E4D4692755155B00B812E7 /* Release */ = {
			isa = XCBuildConfiguration;
			buildSettings = {
				ALWAYS_EMBED_SWIFT_STANDARD_LIBRARIES = YES;
				CODE_SIGN_STYLE = Automatic;
				COMBINE_HIDPI_IMAGES = YES;
				CURRENT_PROJECT_VERSION = 1;
				GENERATE_INFOPLIST_FILE = YES;
				LD_RUNPATH_SEARCH_PATHS = (
					"$(inherited)",
					"@executable_path/../Frameworks",
					"@loader_path/../Frameworks",
				);
				MACOSX_DEPLOYMENT_TARGET = 11.3;
				MARKETING_VERSION = 1.0;
				PRODUCT_BUNDLE_IDENTIFIER = "hw.Tests-macOS";
				PRODUCT_NAME = "$(TARGET_NAME)";
				SDKROOT = macosx;
				SWIFT_EMIT_LOC_STRINGS = NO;
				SWIFT_VERSION = 5.0;
				TEST_TARGET_NAME = "spongebobtest (macOS)";
			};
			name = Release;
		};
/* End XCBuildConfiguration section */

/* Begin XCConfigurationList section */
		04E4D42C2755155100B812E7 /* Build configuration list for PBXProject "spongebobtest" */ = {
			isa = XCConfigurationList;
			buildConfigurations = (
				04E4D45C2755155B00B812E7 /* Debug */,
				04E4D45D2755155B00B812E7 /* Release */,
			);
			defaultConfigurationIsVisible = 0;
			defaultConfigurationName = Release;
		};
		04E4D45E2755155B00B812E7 /* Build configuration list for PBXNativeTarget "spongebobtest (iOS)" */ = {
			isa = XCConfigurationList;
			buildConfigurations = (
				04E4D45F2755155B00B812E7 /* Debug */,
				04E4D4602755155B00B812E7 /* Release */,
			);
			defaultConfigurationIsVisible = 0;
			defaultConfigurationName = Release;
		};
		04E4D4612755155B00B812E7 /* Build configuration list for PBXNativeTarget "spongebobtest (macOS)" */ = {
			isa = XCConfigurationList;
			buildConfigurations = (
				04E4D4622755155B00B812E7 /* Debug */,
				04E4D4632755155B00B812E7 /* Release */,
			);
			defaultConfigurationIsVisible = 0;
			defaultConfigurationName = Release;
		};
		04E4D4642755155B00B812E7 /* Build configuration list for PBXNativeTarget "Tests iOS" */ = {
			isa = XCConfigurationList;
			buildConfigurations = (
				04E4D4652755155B00B812E7 /* Debug */,
				04E4D4662755155B00B812E7 /* Release */,
			);
			defaultConfigurationIsVisible = 0;
			defaultConfigurationName = Release;
		};
		04E4D4672755155B00B812E7 /* Build configuration list for PBXNativeTarget "Tests macOS" */ = {
			isa = XCConfigurationList;
			buildConfigurations = (
				04E4D4682755155B00B812E7 /* Debug */,
				04E4D4692755155B00B812E7 /* Release */,
			);
			defaultConfigurationIsVisible = 0;
			defaultConfigurationName = Release;
		};
/* End XCConfigurationList section */
	};
	rootObject = 04E4D4292755155100B812E7 /* Project object */;
}
